
Microsoft Visual Studio Solution File, Format Version 12.00
# Visual Studio Version 17
VisualStudioVersion = 17.1.32421.90
MinimumVisualStudioVersion = 10.0.40219.1
Project("{FAE04EC0-301F-11D3-BF4B-00C04F79EFBC}") = "GenerateBarCodeDotNet6", "GenerateBarCodeDotNet6\GenerateBarCodeDotNet6.csproj", "{5DA25B8B-D954-4E12-9461-2EFD870E74AF}"
EndProject
Global
	GlobalSection(SolutionConfigurationPlatforms) = preSolution
		Debug|Any CPU = Debug|Any CPU
		Release|Any CPU = Release|Any CPU
	EndGlobalSection
	GlobalSection(ProjectConfigurationPlatforms) = postSolution
		{5DA25B8B-D954-4E12-9461-2EFD870E74AF}.Debug|Any CPU.ActiveCfg = Debug|Any CPU
		{5DA25B8B-D954-4E12-9461-2EFD870E74AF}.Debug|Any CPU.Build.0 = Debug|Any CPU
		{5DA25B8B-D954-4E12-9461-2EFD870E74AF}.Release|Any CPU.ActiveCfg = Release|Any CPU
		{5DA25B8B-D954-4E12-9461-2EFD870E74AF}.Release|Any CPU.Build.0 = Release|Any CPU
	EndGlobalSection
	GlobalSection(SolutionProperties) = preSolution
		HideSolutionNode = FALSE
	EndGlobalSection
	GlobalSection(ExtensibilityGlobals) = postSolution
		SolutionGuid = {0DC6108C-3016-4202-93D7-73F57A0A8D37}
	EndGlobalSection
EndGlobal
